
Microsoft Visual Studio Solution File, Format Version 12.00
# Visual Studio Version 17
VisualStudioVersion = 17.9.34728.123
MinimumVisualStudioVersion = 10.0.40219.1
Project("{9A19103F-16F7-4668-BE54-9A1E7A4F7556}") = "ChatTest", "ChatTest\ChatTest.csproj", "{F48407EB-DCB5-4102-928E-459983326578}"
EndProject
Project("{9A19103F-16F7-4668-BE54-9A1E7A4F7556}") = "ChatBD", "ChatBD\ChatBD.csproj", "{64BD1407-2C31-4E68-A57E-0D0EE878D517}"
EndProject
Project("{9A19103F-16F7-4668-BE54-9A1E7A4F7556}") = "CommonChat", "CommonChat\CommonChat.csproj", "{D7D01DF5-CEDA-415F-8C27-54E9BDFADE1F}"
EndProject
Project("{FAE04EC0-301F-11D3-BF4B-00C04F79EFBC}") = "ChatNetWork", "ChatNetWork\ChatNetWork.csproj", "{5F1F3444-B9E8-487A-BC49-910A31EC376E}"
EndProject
Project("{9A19103F-16F7-4668-BE54-9A1E7A4F7556}") = "NetworkApplicationDevelopmentTesting", "NetworkApplicationDevelopmentTesting\NetworkApplicationDevelopmentTesting.csproj", "{80D26987-AC68-453B-BB25-7F1D3691B198}"
EndProject
Global
	GlobalSection(SolutionConfigurationPlatforms) = preSolution
		Debug|Any CPU = Debug|Any CPU
		Release|Any CPU = Release|Any CPU
	EndGlobalSection
	GlobalSection(ProjectConfigurationPlatforms) = postSolution
		{F48407EB-DCB5-4102-928E-459983326578}.Debug|Any CPU.ActiveCfg = Debug|Any CPU
		{F48407EB-DCB5-4102-928E-459983326578}.Debug|Any CPU.Build.0 = Debug|Any CPU
		{F48407EB-DCB5-4102-928E-459983326578}.Release|Any CPU.ActiveCfg = Release|Any CPU
		{F48407EB-DCB5-4102-928E-459983326578}.Release|Any CPU.Build.0 = Release|Any CPU
		{64BD1407-2C31-4E68-A57E-0D0EE878D517}.Debug|Any CPU.ActiveCfg = Debug|Any CPU
		{64BD1407-2C31-4E68-A57E-0D0EE878D517}.Debug|Any CPU.Build.0 = Debug|Any CPU
		{64BD1407-2C31-4E68-A57E-0D0EE878D517}.Release|Any CPU.ActiveCfg = Release|Any CPU
		{64BD1407-2C31-4E68-A57E-0D0EE878D517}.Release|Any CPU.Build.0 = Release|Any CPU
		{D7D01DF5-CEDA-415F-8C27-54E9BDFADE1F}.Debug|Any CPU.ActiveCfg = Debug|Any CPU
		{D7D01DF5-CEDA-415F-8C27-54E9BDFADE1F}.Debug|Any CPU.Build.0 = Debug|Any CPU
		{D7D01DF5-CEDA-415F-8C27-54E9BDFADE1F}.Release|Any CPU.ActiveCfg = Release|Any CPU
		{D7D01DF5-CEDA-415F-8C27-54E9BDFADE1F}.Release|Any CPU.Build.0 = Release|Any CPU
		{5F1F3444-B9E8-487A-BC49-910A31EC376E}.Debug|Any CPU.ActiveCfg = Debug|Any CPU
		{5F1F3444-B9E8-487A-BC49-910A31EC376E}.Debug|Any CPU.Build.0 = Debug|Any CPU
		{5F1F3444-B9E8-487A-BC49-910A31EC376E}.Release|Any CPU.ActiveCfg = Release|Any CPU
		{5F1F3444-B9E8-487A-BC49-910A31EC376E}.Release|Any CPU.Build.0 = Release|Any CPU
		{80D26987-AC68-453B-BB25-7F1D3691B198}.Debug|Any CPU.ActiveCfg = Debug|Any CPU
		{80D26987-AC68-453B-BB25-7F1D3691B198}.Debug|Any CPU.Build.0 = Debug|Any CPU
		{80D26987-AC68-453B-BB25-7F1D3691B198}.Release|Any CPU.ActiveCfg = Release|Any CPU
		{80D26987-AC68-453B-BB25-7F1D3691B198}.Release|Any CPU.Build.0 = Release|Any CPU
	EndGlobalSection
	GlobalSection(SolutionProperties) = preSolution
		HideSolutionNode = FALSE
	EndGlobalSection
	GlobalSection(ExtensibilityGlobals) = postSolution
		SolutionGuid = {E60C1BE6-D7F1-46DF-B923-1CCE63A1A7A3}
	EndGlobalSection
EndGlobal
